
Microsoft Visual Studio Solution File, Format Version 12.00
# Visual Studio Version 17
VisualStudioVersion = 17.5.002.0
MinimumVisualStudioVersion = 10.0.40219.1
Project("{9A19103F-16F7-4668-BE54-9A1E7A4F7556}") = "Projeto_Web_Lh_Pets_versão_1", "Projeto_Web_Lh_Pets_versão_1.csproj", "{78FB6E25-B496-4673-9B32-4E434D756067}"
EndProject
Global
	GlobalSection(SolutionConfigurationPlatforms) = preSolution
		Debug|Any CPU = Debug|Any CPU
		Release|Any CPU = Release|Any CPU
	EndGlobalSection
	GlobalSection(ProjectConfigurationPlatforms) = postSolution
		{78FB6E25-B496-4673-9B32-4E434D756067}.Debug|Any CPU.ActiveCfg = Debug|Any CPU
		{78FB6E25-B496-4673-9B32-4E434D756067}.Debug|Any CPU.Build.0 = Debug|Any CPU
		{78FB6E25-B496-4673-9B32-4E434D756067}.Release|Any CPU.ActiveCfg = Release|Any CPU
		{78FB6E25-B496-4673-9B32-4E434D756067}.Release|Any CPU.Build.0 = Release|Any CPU
	EndGlobalSection
	GlobalSection(SolutionProperties) = preSolution
		HideSolutionNode = FALSE
	EndGlobalSection
	GlobalSection(ExtensibilityGlobals) = postSolution
		SolutionGuid = {8059DA7D-A89A-4795-91D9-7C47487A4489}
	EndGlobalSection
EndGlobal
